# This file is autogenerated, do not edit; changes may be undone by the next 'dep ensure'.


[[projects]]
  branch = "0len"
  name = "github.com/miekg/pkcs11"
  packages = ["."]
  revision = "426021dbd6b5ecf065bf9e0eacf9f38d4f679aa4"
  source = "github.com/optnfast/pkcs11"

[[projects]]
  name = "github.com/youtube/vitess"
  packages = ["go/pools"]
  revision = "66e84fadcc1a7e956e7ffcebcaaba0b04132ca1f"
  version = "v2.2"

[[projects]]
  branch = "master"
  name = "golang.org/x/net"
  packages = ["context"]
  revision = "f4c29de78a2a91c00474a2e689954305c350adf9"

[[projects]]
  name = "vitess.io/vitess"
  packages = [
    "go/cache",
    "go/sync2",
    "go/timer"
  ]
  revision = "66e84fadcc1a7e956e7ffcebcaaba0b04132ca1f"
  version = "v2.2"

[solve-meta]
  analyzer-name = "dep"
  analyzer-version = 1
  inputs-digest = "73a9042a37935735fd537634f2dbecba59c669bc40850021615cbb300c4c9df5"
  solver-name = "gps-cdcl"
  solver-version = 1
